{
  "name": "agent2llm",
  "version": "0.1.0",
  "lockfileVersion": 3,
  "requires": true,
  "packages": {
    "": {
      "name": "agent2llm",
      "version": "0.1.0",
      "dependencies": {
        "@purecore/one-llm-4-all": "github:vibe2founder/llm2router",
        "blessed": "^0.1.81"
      },
      "bin": {
        "agent2llm": "src/cli.js"
      }
    },
    "node_modules/@purecore/one-llm-4-all": {
      "version": "1.0.0",
      "resolved": "git+ssh://git@github.com/vibe2founder/llm2router.git#8b99d9456d8f218a9045bd296da33741289078bf",
      "license": "ISC"
    },
    "node_modules/blessed": {
      "version": "0.1.81",
      "resolved": "https://registry.npmjs.org/blessed/-/blessed-0.1.81.tgz",
      "integrity": "sha512-LoF5gae+hlmfORcG1M5+5XZi4LBmvlXTzwJWzUlPryN/SJdSflZvROM2TwkT0GMpq7oqT48NRd4GS7BiVBc5OQ==",
      "license": "MIT",
      "bin": {
        "blessed": "bin/tput.js"
      },
      "engines": {
        "node": ">= 0.8.0"
      }
    }
  }
}
